
Microsoft Visual Studio Solution File, Format Version 12.00
# Visual Studio 15
VisualStudioVersion = 15.0.28307.572
MinimumVisualStudioVersion = 10.0.40219.1
Project("{2150E333-8FDC-42A3-9474-1A3956D46DE8}") = "Criacao", "Criacao", "{FCF67DB0-970C-4639-B204-F3389C9D93E7}"
EndProject
Project("{FAE04EC0-301F-11D3-BF4B-00C04F79EFBC}") = "Singleton", "Singleton\Singleton.csproj", "{D2CDB657-0090-4F44-9C26-96BD29DD3EB6}"
EndProject
Project("{FAE04EC0-301F-11D3-BF4B-00C04F79EFBC}") = "FactoryMethod", "FactoryMethod\FactoryMethod.csproj", "{7A66F4F2-AB7D-4343-BC19-4B9BE76EA002}"
EndProject
Global
	GlobalSection(SolutionConfigurationPlatforms) = preSolution
		Debug|Any CPU = Debug|Any CPU
		Release|Any CPU = Release|Any CPU
	EndGlobalSection
	GlobalSection(ProjectConfigurationPlatforms) = postSolution
		{D2CDB657-0090-4F44-9C26-96BD29DD3EB6}.Debug|Any CPU.ActiveCfg = Debug|Any CPU
		{D2CDB657-0090-4F44-9C26-96BD29DD3EB6}.Debug|Any CPU.Build.0 = Debug|Any CPU
		{D2CDB657-0090-4F44-9C26-96BD29DD3EB6}.Release|Any CPU.ActiveCfg = Release|Any CPU
		{D2CDB657-0090-4F44-9C26-96BD29DD3EB6}.Release|Any CPU.Build.0 = Release|Any CPU
		{7A66F4F2-AB7D-4343-BC19-4B9BE76EA002}.Debug|Any CPU.ActiveCfg = Debug|Any CPU
		{7A66F4F2-AB7D-4343-BC19-4B9BE76EA002}.Debug|Any CPU.Build.0 = Debug|Any CPU
		{7A66F4F2-AB7D-4343-BC19-4B9BE76EA002}.Release|Any CPU.ActiveCfg = Release|Any CPU
		{7A66F4F2-AB7D-4343-BC19-4B9BE76EA002}.Release|Any CPU.Build.0 = Release|Any CPU
	EndGlobalSection
	GlobalSection(SolutionProperties) = preSolution
		HideSolutionNode = FALSE
	EndGlobalSection
	GlobalSection(NestedProjects) = preSolution
		{D2CDB657-0090-4F44-9C26-96BD29DD3EB6} = {FCF67DB0-970C-4639-B204-F3389C9D93E7}
		{7A66F4F2-AB7D-4343-BC19-4B9BE76EA002} = {FCF67DB0-970C-4639-B204-F3389C9D93E7}
	EndGlobalSection
	GlobalSection(ExtensibilityGlobals) = postSolution
		SolutionGuid = {804E41FF-B9EA-4DB3-8308-48DDE361B03B}
	EndGlobalSection
EndGlobal
