
Microsoft Visual Studio Solution File, Format Version 12.00
# Visual Studio Version 16
VisualStudioVersion = 16.0.29519.87
MinimumVisualStudioVersion = 10.0.40219.1
Project("{2150E333-8FDC-42A3-9474-1A3956D46DE8}") = "Criacao", "Criacao", "{FCF67DB0-970C-4639-B204-F3389C9D93E7}"
EndProject
Project("{FAE04EC0-301F-11D3-BF4B-00C04F79EFBC}") = "Singleton", "Singleton\Singleton.csproj", "{D2CDB657-0090-4F44-9C26-96BD29DD3EB6}"
EndProject
Project("{FAE04EC0-301F-11D3-BF4B-00C04F79EFBC}") = "FactoryMethod", "FactoryMethod\FactoryMethod.csproj", "{7A66F4F2-AB7D-4343-BC19-4B9BE76EA002}"
EndProject
Project("{FAE04EC0-301F-11D3-BF4B-00C04F79EFBC}") = "AbstractFactory", "AbstractFactory\AbstractFactory.csproj", "{D2532BAA-491F-4FEC-88D9-E4A06B0D2AC3}"
EndProject
Project("{FAE04EC0-301F-11D3-BF4B-00C04F79EFBC}") = "Builder", "Builder\Builder.csproj", "{ED9616A4-B19E-4646-8AC2-A4E412994480}"
EndProject
Project("{FAE04EC0-301F-11D3-BF4B-00C04F79EFBC}") = "Prototype", "Prototype\Prototype.csproj", "{D1650527-8ED0-4F3E-80CD-D7E20C605339}"
EndProject
Project("{2150E333-8FDC-42A3-9474-1A3956D46DE8}") = "Estrutural", "Estrutural", "{8BBFFA6A-160A-4DDC-BF0C-30F6FAC1586A}"
EndProject
Project("{FAE04EC0-301F-11D3-BF4B-00C04F79EFBC}") = "Adapter", "Adapter\Adapter.csproj", "{4CBF3955-B897-46F7-A60B-711B670F562E}"
EndProject
Project("{2150E333-8FDC-42A3-9474-1A3956D46DE8}") = "Solution Items", "Solution Items", "{1E28FDA5-3C7E-4547-B816-D3F469A0A6F6}"
	ProjectSection(SolutionItems) = preProject
		.gitignore = .gitignore
	EndProjectSection
EndProject
Project("{FAE04EC0-301F-11D3-BF4B-00C04F79EFBC}") = "Bridge", "Bridge\Bridge.csproj", "{87554471-DC77-497F-B354-95B036744033}"
EndProject
Project("{FAE04EC0-301F-11D3-BF4B-00C04F79EFBC}") = "Composite", "Composite\Composite.csproj", "{876CB5C7-3E7E-4F99-A8E4-A3C72E48780D}"
EndProject
Project("{FAE04EC0-301F-11D3-BF4B-00C04F79EFBC}") = "Decorator", "Decorator\Decorator.csproj", "{AB729DD4-B2D9-4588-BEF5-053ED7A09327}"
EndProject
Project("{FAE04EC0-301F-11D3-BF4B-00C04F79EFBC}") = "Facade", "Facade\Facade.csproj", "{D0D2C664-3D29-4D54-BCCE-A9B5D09EBFDC}"
EndProject
Project("{FAE04EC0-301F-11D3-BF4B-00C04F79EFBC}") = "FlyWeight", "FlyWeight\FlyWeight.csproj", "{E5DBA21A-8D6E-45B6-A909-44BA336D8766}"
EndProject
Project("{FAE04EC0-301F-11D3-BF4B-00C04F79EFBC}") = "Proxy", "Proxy\Proxy.csproj", "{D5AE28C7-611C-4796-8B64-733CFBB9D460}"
EndProject
Project("{2150E333-8FDC-42A3-9474-1A3956D46DE8}") = "Comportamental", "Comportamental", "{0A183C92-D99A-4440-8786-3DA820CD055E}"
EndProject
Project("{FAE04EC0-301F-11D3-BF4B-00C04F79EFBC}") = "Chain_Of_Responsibility", "Chain_Of_Responsibility\Chain_Of_Responsibility.csproj", "{992F8B90-D824-4617-9223-9963B0576729}"
EndProject
Project("{FAE04EC0-301F-11D3-BF4B-00C04F79EFBC}") = "Command", "Command\Command.csproj", "{865AEF96-AE19-4BB2-B6F4-CE3B88CF8C0F}"
EndProject
Project("{FAE04EC0-301F-11D3-BF4B-00C04F79EFBC}") = "Interpreter", "Interpreter\Interpreter.csproj", "{CD4F2063-636B-4607-9982-F9D134CE15A1}"
EndProject
Project("{FAE04EC0-301F-11D3-BF4B-00C04F79EFBC}") = "Iterator", "Iterator\Iterator.csproj", "{44384AFE-857B-4BB2-8B97-C9323271EB41}"
EndProject
Project("{FAE04EC0-301F-11D3-BF4B-00C04F79EFBC}") = "Mediator", "Mediator\Mediator.csproj", "{11EF023F-4029-4D39-AF31-55ADF15886E6}"
EndProject
Project("{FAE04EC0-301F-11D3-BF4B-00C04F79EFBC}") = "Memento", "Memento\Memento.csproj", "{E75DFFEB-7017-4E77-BC6A-447BD5D4255D}"
EndProject
Project("{FAE04EC0-301F-11D3-BF4B-00C04F79EFBC}") = "Observer", "Observer\Observer.csproj", "{2A391A96-D020-4A62-98EA-97A486A77091}"
EndProject
Project("{FAE04EC0-301F-11D3-BF4B-00C04F79EFBC}") = "State", "State\State.csproj", "{86A04012-18C5-467F-AB73-440D244699F0}"
EndProject
Global
	GlobalSection(SolutionConfigurationPlatforms) = preSolution
		Debug|Any CPU = Debug|Any CPU
		Release|Any CPU = Release|Any CPU
	EndGlobalSection
	GlobalSection(ProjectConfigurationPlatforms) = postSolution
		{D2CDB657-0090-4F44-9C26-96BD29DD3EB6}.Debug|Any CPU.ActiveCfg = Debug|Any CPU
		{D2CDB657-0090-4F44-9C26-96BD29DD3EB6}.Debug|Any CPU.Build.0 = Debug|Any CPU
		{D2CDB657-0090-4F44-9C26-96BD29DD3EB6}.Release|Any CPU.ActiveCfg = Release|Any CPU
		{D2CDB657-0090-4F44-9C26-96BD29DD3EB6}.Release|Any CPU.Build.0 = Release|Any CPU
		{7A66F4F2-AB7D-4343-BC19-4B9BE76EA002}.Debug|Any CPU.ActiveCfg = Debug|Any CPU
		{7A66F4F2-AB7D-4343-BC19-4B9BE76EA002}.Debug|Any CPU.Build.0 = Debug|Any CPU
		{7A66F4F2-AB7D-4343-BC19-4B9BE76EA002}.Release|Any CPU.ActiveCfg = Release|Any CPU
		{7A66F4F2-AB7D-4343-BC19-4B9BE76EA002}.Release|Any CPU.Build.0 = Release|Any CPU
		{D2532BAA-491F-4FEC-88D9-E4A06B0D2AC3}.Debug|Any CPU.ActiveCfg = Debug|Any CPU
		{D2532BAA-491F-4FEC-88D9-E4A06B0D2AC3}.Debug|Any CPU.Build.0 = Debug|Any CPU
		{D2532BAA-491F-4FEC-88D9-E4A06B0D2AC3}.Release|Any CPU.ActiveCfg = Release|Any CPU
		{D2532BAA-491F-4FEC-88D9-E4A06B0D2AC3}.Release|Any CPU.Build.0 = Release|Any CPU
		{ED9616A4-B19E-4646-8AC2-A4E412994480}.Debug|Any CPU.ActiveCfg = Debug|Any CPU
		{ED9616A4-B19E-4646-8AC2-A4E412994480}.Debug|Any CPU.Build.0 = Debug|Any CPU
		{ED9616A4-B19E-4646-8AC2-A4E412994480}.Release|Any CPU.ActiveCfg = Release|Any CPU
		{ED9616A4-B19E-4646-8AC2-A4E412994480}.Release|Any CPU.Build.0 = Release|Any CPU
		{D1650527-8ED0-4F3E-80CD-D7E20C605339}.Debug|Any CPU.ActiveCfg = Debug|Any CPU
		{D1650527-8ED0-4F3E-80CD-D7E20C605339}.Debug|Any CPU.Build.0 = Debug|Any CPU
		{D1650527-8ED0-4F3E-80CD-D7E20C605339}.Release|Any CPU.ActiveCfg = Release|Any CPU
		{D1650527-8ED0-4F3E-80CD-D7E20C605339}.Release|Any CPU.Build.0 = Release|Any CPU
		{4CBF3955-B897-46F7-A60B-711B670F562E}.Debug|Any CPU.ActiveCfg = Debug|Any CPU
		{4CBF3955-B897-46F7-A60B-711B670F562E}.Debug|Any CPU.Build.0 = Debug|Any CPU
		{4CBF3955-B897-46F7-A60B-711B670F562E}.Release|Any CPU.ActiveCfg = Release|Any CPU
		{4CBF3955-B897-46F7-A60B-711B670F562E}.Release|Any CPU.Build.0 = Release|Any CPU
		{87554471-DC77-497F-B354-95B036744033}.Debug|Any CPU.ActiveCfg = Debug|Any CPU
		{87554471-DC77-497F-B354-95B036744033}.Debug|Any CPU.Build.0 = Debug|Any CPU
		{87554471-DC77-497F-B354-95B036744033}.Release|Any CPU.ActiveCfg = Release|Any CPU
		{87554471-DC77-497F-B354-95B036744033}.Release|Any CPU.Build.0 = Release|Any CPU
		{876CB5C7-3E7E-4F99-A8E4-A3C72E48780D}.Debug|Any CPU.ActiveCfg = Debug|Any CPU
		{876CB5C7-3E7E-4F99-A8E4-A3C72E48780D}.Debug|Any CPU.Build.0 = Debug|Any CPU
		{876CB5C7-3E7E-4F99-A8E4-A3C72E48780D}.Release|Any CPU.ActiveCfg = Release|Any CPU
		{876CB5C7-3E7E-4F99-A8E4-A3C72E48780D}.Release|Any CPU.Build.0 = Release|Any CPU
		{AB729DD4-B2D9-4588-BEF5-053ED7A09327}.Debug|Any CPU.ActiveCfg = Debug|Any CPU
		{AB729DD4-B2D9-4588-BEF5-053ED7A09327}.Debug|Any CPU.Build.0 = Debug|Any CPU
		{AB729DD4-B2D9-4588-BEF5-053ED7A09327}.Release|Any CPU.ActiveCfg = Release|Any CPU
		{AB729DD4-B2D9-4588-BEF5-053ED7A09327}.Release|Any CPU.Build.0 = Release|Any CPU
		{D0D2C664-3D29-4D54-BCCE-A9B5D09EBFDC}.Debug|Any CPU.ActiveCfg = Debug|Any CPU
		{D0D2C664-3D29-4D54-BCCE-A9B5D09EBFDC}.Debug|Any CPU.Build.0 = Debug|Any CPU
		{D0D2C664-3D29-4D54-BCCE-A9B5D09EBFDC}.Release|Any CPU.ActiveCfg = Release|Any CPU
		{D0D2C664-3D29-4D54-BCCE-A9B5D09EBFDC}.Release|Any CPU.Build.0 = Release|Any CPU
		{E5DBA21A-8D6E-45B6-A909-44BA336D8766}.Debug|Any CPU.ActiveCfg = Debug|Any CPU
		{E5DBA21A-8D6E-45B6-A909-44BA336D8766}.Debug|Any CPU.Build.0 = Debug|Any CPU
		{E5DBA21A-8D6E-45B6-A909-44BA336D8766}.Release|Any CPU.ActiveCfg = Release|Any CPU
		{E5DBA21A-8D6E-45B6-A909-44BA336D8766}.Release|Any CPU.Build.0 = Release|Any CPU
		{D5AE28C7-611C-4796-8B64-733CFBB9D460}.Debug|Any CPU.ActiveCfg = Debug|Any CPU
		{D5AE28C7-611C-4796-8B64-733CFBB9D460}.Debug|Any CPU.Build.0 = Debug|Any CPU
		{D5AE28C7-611C-4796-8B64-733CFBB9D460}.Release|Any CPU.ActiveCfg = Release|Any CPU
		{D5AE28C7-611C-4796-8B64-733CFBB9D460}.Release|Any CPU.Build.0 = Release|Any CPU
		{992F8B90-D824-4617-9223-9963B0576729}.Debug|Any CPU.ActiveCfg = Debug|Any CPU
		{992F8B90-D824-4617-9223-9963B0576729}.Debug|Any CPU.Build.0 = Debug|Any CPU
		{992F8B90-D824-4617-9223-9963B0576729}.Release|Any CPU.ActiveCfg = Release|Any CPU
		{992F8B90-D824-4617-9223-9963B0576729}.Release|Any CPU.Build.0 = Release|Any CPU
		{865AEF96-AE19-4BB2-B6F4-CE3B88CF8C0F}.Debug|Any CPU.ActiveCfg = Debug|Any CPU
		{865AEF96-AE19-4BB2-B6F4-CE3B88CF8C0F}.Debug|Any CPU.Build.0 = Debug|Any CPU
		{865AEF96-AE19-4BB2-B6F4-CE3B88CF8C0F}.Release|Any CPU.ActiveCfg = Release|Any CPU
		{865AEF96-AE19-4BB2-B6F4-CE3B88CF8C0F}.Release|Any CPU.Build.0 = Release|Any CPU
		{CD4F2063-636B-4607-9982-F9D134CE15A1}.Debug|Any CPU.ActiveCfg = Debug|Any CPU
		{CD4F2063-636B-4607-9982-F9D134CE15A1}.Debug|Any CPU.Build.0 = Debug|Any CPU
		{CD4F2063-636B-4607-9982-F9D134CE15A1}.Release|Any CPU.ActiveCfg = Release|Any CPU
		{CD4F2063-636B-4607-9982-F9D134CE15A1}.Release|Any CPU.Build.0 = Release|Any CPU
		{44384AFE-857B-4BB2-8B97-C9323271EB41}.Debug|Any CPU.ActiveCfg = Debug|Any CPU
		{44384AFE-857B-4BB2-8B97-C9323271EB41}.Debug|Any CPU.Build.0 = Debug|Any CPU
		{44384AFE-857B-4BB2-8B97-C9323271EB41}.Release|Any CPU.ActiveCfg = Release|Any CPU
		{44384AFE-857B-4BB2-8B97-C9323271EB41}.Release|Any CPU.Build.0 = Release|Any CPU
		{11EF023F-4029-4D39-AF31-55ADF15886E6}.Debug|Any CPU.ActiveCfg = Debug|Any CPU
		{11EF023F-4029-4D39-AF31-55ADF15886E6}.Debug|Any CPU.Build.0 = Debug|Any CPU
		{11EF023F-4029-4D39-AF31-55ADF15886E6}.Release|Any CPU.ActiveCfg = Release|Any CPU
		{11EF023F-4029-4D39-AF31-55ADF15886E6}.Release|Any CPU.Build.0 = Release|Any CPU
		{E75DFFEB-7017-4E77-BC6A-447BD5D4255D}.Debug|Any CPU.ActiveCfg = Debug|Any CPU
		{E75DFFEB-7017-4E77-BC6A-447BD5D4255D}.Debug|Any CPU.Build.0 = Debug|Any CPU
		{E75DFFEB-7017-4E77-BC6A-447BD5D4255D}.Release|Any CPU.ActiveCfg = Release|Any CPU
		{E75DFFEB-7017-4E77-BC6A-447BD5D4255D}.Release|Any CPU.Build.0 = Release|Any CPU
		{2A391A96-D020-4A62-98EA-97A486A77091}.Debug|Any CPU.ActiveCfg = Debug|Any CPU
		{2A391A96-D020-4A62-98EA-97A486A77091}.Debug|Any CPU.Build.0 = Debug|Any CPU
		{2A391A96-D020-4A62-98EA-97A486A77091}.Release|Any CPU.ActiveCfg = Release|Any CPU
		{2A391A96-D020-4A62-98EA-97A486A77091}.Release|Any CPU.Build.0 = Release|Any CPU
		{86A04012-18C5-467F-AB73-440D244699F0}.Debug|Any CPU.ActiveCfg = Debug|Any CPU
		{86A04012-18C5-467F-AB73-440D244699F0}.Debug|Any CPU.Build.0 = Debug|Any CPU
		{86A04012-18C5-467F-AB73-440D244699F0}.Release|Any CPU.ActiveCfg = Release|Any CPU
		{86A04012-18C5-467F-AB73-440D244699F0}.Release|Any CPU.Build.0 = Release|Any CPU
	EndGlobalSection
	GlobalSection(SolutionProperties) = preSolution
		HideSolutionNode = FALSE
	EndGlobalSection
	GlobalSection(NestedProjects) = preSolution
		{D2CDB657-0090-4F44-9C26-96BD29DD3EB6} = {FCF67DB0-970C-4639-B204-F3389C9D93E7}
		{7A66F4F2-AB7D-4343-BC19-4B9BE76EA002} = {FCF67DB0-970C-4639-B204-F3389C9D93E7}
		{D2532BAA-491F-4FEC-88D9-E4A06B0D2AC3} = {FCF67DB0-970C-4639-B204-F3389C9D93E7}
		{ED9616A4-B19E-4646-8AC2-A4E412994480} = {FCF67DB0-970C-4639-B204-F3389C9D93E7}
		{D1650527-8ED0-4F3E-80CD-D7E20C605339} = {FCF67DB0-970C-4639-B204-F3389C9D93E7}
		{4CBF3955-B897-46F7-A60B-711B670F562E} = {8BBFFA6A-160A-4DDC-BF0C-30F6FAC1586A}
		{87554471-DC77-497F-B354-95B036744033} = {8BBFFA6A-160A-4DDC-BF0C-30F6FAC1586A}
		{876CB5C7-3E7E-4F99-A8E4-A3C72E48780D} = {8BBFFA6A-160A-4DDC-BF0C-30F6FAC1586A}
		{AB729DD4-B2D9-4588-BEF5-053ED7A09327} = {8BBFFA6A-160A-4DDC-BF0C-30F6FAC1586A}
		{D0D2C664-3D29-4D54-BCCE-A9B5D09EBFDC} = {8BBFFA6A-160A-4DDC-BF0C-30F6FAC1586A}
		{E5DBA21A-8D6E-45B6-A909-44BA336D8766} = {8BBFFA6A-160A-4DDC-BF0C-30F6FAC1586A}
		{D5AE28C7-611C-4796-8B64-733CFBB9D460} = {8BBFFA6A-160A-4DDC-BF0C-30F6FAC1586A}
		{992F8B90-D824-4617-9223-9963B0576729} = {0A183C92-D99A-4440-8786-3DA820CD055E}
		{865AEF96-AE19-4BB2-B6F4-CE3B88CF8C0F} = {0A183C92-D99A-4440-8786-3DA820CD055E}
		{CD4F2063-636B-4607-9982-F9D134CE15A1} = {0A183C92-D99A-4440-8786-3DA820CD055E}
		{44384AFE-857B-4BB2-8B97-C9323271EB41} = {0A183C92-D99A-4440-8786-3DA820CD055E}
		{11EF023F-4029-4D39-AF31-55ADF15886E6} = {0A183C92-D99A-4440-8786-3DA820CD055E}
		{E75DFFEB-7017-4E77-BC6A-447BD5D4255D} = {0A183C92-D99A-4440-8786-3DA820CD055E}
		{2A391A96-D020-4A62-98EA-97A486A77091} = {0A183C92-D99A-4440-8786-3DA820CD055E}
		{86A04012-18C5-467F-AB73-440D244699F0} = {0A183C92-D99A-4440-8786-3DA820CD055E}
	EndGlobalSection
	GlobalSection(ExtensibilityGlobals) = postSolution
		SolutionGuid = {804E41FF-B9EA-4DB3-8308-48DDE361B03B}
	EndGlobalSection
EndGlobal
